{
  "name": "fastify-sceleton",
  "version": "1.0.0",
  "lockfileVersion": 1,
  "requires": true,
  "dependencies": {
    "@types/bson": {
      "version": "4.0.1",
      "resolved": "http://artifactory.btigroup.io:80/api/npm/npm-packages/@types/bson/-/bson-4.0.1.tgz",
      "integrity": "sha1-K/yAgZ5wVbdtVJbVNE7SPl0Su7I=",
      "dev": true,
      "requires": {
        "@types/node": "*"
      }
    },
    "@types/mongodb": {
      "version": "3.5.2",
      "resolved": "http://artifactory.btigroup.io:80/api/npm/npm-packages/@types/mongodb/-/mongodb-3.5.2.tgz",
      "integrity": "sha1-LYFeu53pAZ3RLrcujtGlEhYZvwo=",
      "dev": true,
      "requires": {
        "@types/bson": "*",
        "@types/node": "*"
      }
    },
    "@types/node": {
      "version": "13.9.1",
      "resolved": "http://artifactory.btigroup.io:80/api/npm/npm-packages/@types/node/-/node-13.9.1.tgz",
      "integrity": "sha1-lvYG+M1n+wGIR9m2HpOZfave/HI=",
      "dev": true
    },
    "abstract-logging": {
      "version": "2.0.0",
      "resolved": "http://artifactory.btigroup.io:80/api/npm/npm-packages/abstract-logging/-/abstract-logging-2.0.0.tgz",
      "integrity": "sha1-CKhYFJRsmO8G9CVq1HCroYhtRJA="
    },
    "ajv": {
      "version": "6.12.0",
      "resolved": "http://artifactory.btigroup.io:80/api/npm/npm-packages/ajv/-/ajv-6.12.0.tgz",
      "integrity": "sha1-BtYLlth7hFSlrauobnhU2mKdtLc=",
      "requires": {
        "fast-deep-equal": "^3.1.1",
        "fast-json-stable-stringify": "^2.0.0",
        "json-schema-traverse": "^0.4.1",
        "uri-js": "^4.2.2"
      }
    },
    "archy": {
      "version": "1.0.0",
      "resolved": "http://artifactory.btigroup.io:80/api/npm/npm-packages/archy/-/archy-1.0.0.tgz",
      "integrity": "sha1-+cjBN1fMHde8N5rHeyxipcKGjEA="
    },
    "arg": {
      "version": "4.1.3",
      "resolved": "http://artifactory.btigroup.io:80/api/npm/npm-packages/arg/-/arg-4.1.3.tgz",
      "integrity": "sha1-Jp/HrVuOQstjyJbVZmAXJhwUQIk="
    },
    "atomic-sleep": {
      "version": "1.0.0",
      "resolved": "http://artifactory.btigroup.io:80/api/npm/npm-packages/atomic-sleep/-/atomic-sleep-1.0.0.tgz",
      "integrity": "sha1-64W3emAfyTLP5DLFrNNkqeLJB1s="
    },
    "avvio": {
      "version": "6.3.1",
      "resolved": "http://artifactory.btigroup.io:80/api/npm/npm-packages/avvio/-/avvio-6.3.1.tgz",
      "integrity": "sha1-IB7CZQVVFlcnLNqQwj7xywx+OQo=",
      "requires": {
        "archy": "^1.0.0",
        "debug": "^4.0.0",
        "fastq": "^1.6.0"
      }
    },
    "bl": {
      "version": "2.2.0",
      "resolved": "http://artifactory.btigroup.io:80/api/npm/npm-packages/bl/-/bl-2.2.0.tgz",
      "integrity": "sha1-4aV0zfUo5AUwGbuACwQcCsiNpJM=",
      "requires": {
        "readable-stream": "^2.3.5",
        "safe-buffer": "^5.1.1"
      },
      "dependencies": {
        "readable-stream": {
          "version": "2.3.7",
          "resolved": "http://artifactory.btigroup.io:80/api/npm/npm-packages/readable-stream/-/readable-stream-2.3.7.tgz",
          "integrity": "sha1-Hsoc9xGu+BTAT2IlKjamL2yyO1c=",
          "requires": {
            "core-util-is": "~1.0.0",
            "inherits": "~2.0.3",
            "isarray": "~1.0.0",
            "process-nextick-args": "~2.0.0",
            "safe-buffer": "~5.1.1",
            "string_decoder": "~1.1.1",
            "util-deprecate": "~1.0.1"
          },
          "dependencies": {
            "safe-buffer": {
              "version": "5.1.2",
              "resolved": "http://artifactory.btigroup.io:80/api/npm/npm-packages/safe-buffer/-/safe-buffer-5.1.2.tgz",
              "integrity": "sha1-mR7GnSluAxN0fVm9/St0XDX4go0="
            }
          }
        },
        "string_decoder": {
          "version": "1.1.1",
          "resolved": "http://artifactory.btigroup.io:80/api/npm/npm-packages/string_decoder/-/string_decoder-1.1.1.tgz",
          "integrity": "sha1-nPFhG6YmhdcDCunkujQUnDrwP8g=",
          "requires": {
            "safe-buffer": "~5.1.0"
          },
          "dependencies": {
            "safe-buffer": {
              "version": "5.1.2",
              "resolved": "http://artifactory.btigroup.io:80/api/npm/npm-packages/safe-buffer/-/safe-buffer-5.1.2.tgz",
              "integrity": "sha1-mR7GnSluAxN0fVm9/St0XDX4go0="
            }
          }
        }
      }
    },
    "bson": {
      "version": "1.1.3",
      "resolved": "http://artifactory.btigroup.io:80/api/npm/npm-packages/bson/-/bson-1.1.3.tgz",
      "integrity": "sha1-qoLLkfmkU6qgYNYgnQZ1EUqBVNM="
    },
    "buffer-from": {
      "version": "1.1.1",
      "resolved": "http://artifactory.btigroup.io:80/api/npm/npm-packages/buffer-from/-/buffer-from-1.1.1.tgz",
      "integrity": "sha1-MnE7wCj3XAL9txDXx7zsHyxgcO8="
    },
    "cookie": {
      "version": "0.4.0",
      "resolved": "http://artifactory.btigroup.io:80/api/npm/npm-packages/cookie/-/cookie-0.4.0.tgz",
      "integrity": "sha1-vrQ35wIrO21JAZ0IhmUwPr6cFLo="
    },
    "core-util-is": {
      "version": "1.0.2",
      "resolved": "http://artifactory.btigroup.io:80/api/npm/npm-packages/core-util-is/-/core-util-is-1.0.2.tgz",
      "integrity": "sha1-tf1UIgqivFq1eqtxQMlAdUUDwac="
    },
    "debug": {
      "version": "4.1.1",
      "resolved": "http://artifactory.btigroup.io:80/api/npm/npm-packages/debug/-/debug-4.1.1.tgz",
      "integrity": "sha1-O3ImAlUQnGtYnO4FDx1RYTlmR5E=",
      "requires": {
        "ms": "^2.1.1"
      }
    },
    "deepmerge": {
      "version": "4.2.2",
      "resolved": "http://artifactory.btigroup.io:80/api/npm/npm-packages/deepmerge/-/deepmerge-4.2.2.tgz",
      "integrity": "sha1-RNLqNnm49NT/ujPwPYZfwee/SVU="
    },
    "denque": {
      "version": "1.4.1",
      "resolved": "http://artifactory.btigroup.io:80/api/npm/npm-packages/denque/-/denque-1.4.1.tgz",
      "integrity": "sha1-Z0T/dkHBSMP4ppwwflEjXB9KN88="
    },
    "diff": {
      "version": "4.0.2",
      "resolved": "http://artifactory.btigroup.io:80/api/npm/npm-packages/diff/-/diff-4.0.2.tgz",
      "integrity": "sha1-YPOuy4nV+uUgwRqhnvwruYKq3n0="
    },
    "fast-decode-uri-component": {
      "version": "1.0.1",
      "resolved": "http://artifactory.btigroup.io:80/api/npm/npm-packages/fast-decode-uri-component/-/fast-decode-uri-component-1.0.1.tgz",
      "integrity": "sha1-Rvi2wisw/3qBNX1PWav66TggJUM="
    },
    "fast-deep-equal": {
      "version": "3.1.1",
      "resolved": "http://artifactory.btigroup.io:80/api/npm/npm-packages/fast-deep-equal/-/fast-deep-equal-3.1.1.tgz",
      "integrity": "sha1-VFFFB3xQFJHjOxXsQIwpQ3bpSuQ="
    },
    "fast-json-stable-stringify": {
      "version": "2.1.0",
      "resolved": "http://artifactory.btigroup.io:80/api/npm/npm-packages/fast-json-stable-stringify/-/fast-json-stable-stringify-2.1.0.tgz",
      "integrity": "sha1-h0v2nG9ATCtdmcSBNBOZ/VWJJjM="
    },
    "fast-json-stringify": {
      "version": "1.17.0",
      "resolved": "http://artifactory.btigroup.io:80/api/npm/npm-packages/fast-json-stringify/-/fast-json-stringify-1.17.0.tgz",
      "integrity": "sha1-SjSHg3wfUpTZtN9AuuWx19K47Wg=",
      "requires": {
        "ajv": "^6.11.0",
        "deepmerge": "^4.2.2",
        "string-similarity": "^4.0.1"
      }
    },
    "fast-redact": {
      "version": "2.0.0",
      "resolved": "http://artifactory.btigroup.io:80/api/npm/npm-packages/fast-redact/-/fast-redact-2.0.0.tgz",
      "integrity": "sha1-F7uPXh9W7PSjjIRVmF5eq0xHhDE="
    },
    "fast-safe-stringify": {
      "version": "2.0.7",
      "resolved": "http://artifactory.btigroup.io:80/api/npm/npm-packages/fast-safe-stringify/-/fast-safe-stringify-2.0.7.tgz",
      "integrity": "sha1-EkqohYmSYfaK7bQqfAgN6dpgh0M="
    },
    "fastify": {
      "version": "2.12.1",
      "resolved": "http://artifactory.btigroup.io:80/api/npm/npm-packages/fastify/-/fastify-2.12.1.tgz",
      "integrity": "sha1-LCA7apOSCBQ8eBpPs4lDbDD29PE=",
      "requires": {
        "abstract-logging": "^2.0.0",
        "ajv": "^6.10.2",
        "avvio": "^6.3.0",
        "fast-json-stringify": "^1.16.0",
        "find-my-way": "^2.2.0",
        "flatstr": "^1.0.12",
        "light-my-request": "^3.7.0",
        "middie": "^4.1.0",
        "pino": "^5.15.0",
        "proxy-addr": "^2.0.4",
        "readable-stream": "^3.1.1",
        "rfdc": "^1.1.2",
        "secure-json-parse": "^2.0.0",
        "tiny-lru": "^7.0.2"
      }
    },
    "fastify-mongodb": {
      "version": "2.0.0",
      "resolved": "http://artifactory.btigroup.io:80/api/npm/npm-packages/fastify-mongodb/-/fastify-mongodb-2.0.0.tgz",
      "integrity": "sha1-0cmUDXRC8XAGpiBHEFKtFgBsBQc=",
      "requires": {
        "fastify-plugin": "^1.0.1",
        "mongodb": "^3.3.0"
      }
    },
    "fastify-plugin": {
      "version": "1.6.1",
      "resolved": "http://artifactory.btigroup.io:80/api/npm/npm-packages/fastify-plugin/-/fastify-plugin-1.6.1.tgz",
      "integrity": "sha1-Ei9aXutjDVXDAXExRanRiObV3Vs=",
      "requires": {
        "semver": "^6.3.0"
      }
    },
    "fastq": {
      "version": "1.6.1",
      "resolved": "http://artifactory.btigroup.io:80/api/npm/npm-packages/fastq/-/fastq-1.6.1.tgz",
      "integrity": "sha1-RXDHTy3tFz5xzwvrCKxwu4WCZ5E=",
      "requires": {
        "reusify": "^1.0.4"
      }
    },
    "find-my-way": {
      "version": "2.2.2",
      "resolved": "http://artifactory.btigroup.io:80/api/npm/npm-packages/find-my-way/-/find-my-way-2.2.2.tgz",
      "integrity": "sha1-DRGabao1TiDWFZGoUKES1CTFvAY=",
      "requires": {
        "fast-decode-uri-component": "^1.0.0",
        "safe-regex2": "^2.0.0",
        "semver-store": "^0.3.0"
      }
    },
    "flatstr": {
      "version": "1.0.12",
      "resolved": "http://artifactory.btigroup.io:80/api/npm/npm-packages/flatstr/-/flatstr-1.0.12.tgz",
      "integrity": "sha1-wrpqCBc+27bJZA4wVbleKHzrWTE="
    },
    "forwarded": {
      "version": "0.1.2",
      "resolved": "http://artifactory.btigroup.io:80/api/npm/npm-packages/forwarded/-/forwarded-0.1.2.tgz",
      "integrity": "sha1-mMI9qxF1ZXuMBXPozszZGw/xjIQ="
    },
    "inherits": {
      "version": "2.0.4",
      "resolved": "http://artifactory.btigroup.io:80/api/npm/npm-packages/inherits/-/inherits-2.0.4.tgz",
      "integrity": "sha1-D6LGT5MpF8NDOg3tVTY6rjdBa3w="
    },
    "ipaddr.js": {
      "version": "1.9.1",
      "resolved": "http://artifactory.btigroup.io:80/api/npm/npm-packages/ipaddr.js/-/ipaddr.js-1.9.1.tgz",
      "integrity": "sha1-v/OFQ+64mEglB5/zoqjmy9RngbM="
    },
    "isarray": {
      "version": "1.0.0",
      "resolved": "http://artifactory.btigroup.io:80/api/npm/npm-packages/isarray/-/isarray-1.0.0.tgz",
      "integrity": "sha1-u5NdSFgsuhaMBoNJV6VKPgcSTxE="
    },
    "json-schema-traverse": {
      "version": "0.4.1",
      "resolved": "http://artifactory.btigroup.io:80/api/npm/npm-packages/json-schema-traverse/-/json-schema-traverse-0.4.1.tgz",
      "integrity": "sha1-afaofZUTq4u4/mO9sJecRI5oRmA="
    },
    "light-my-request": {
      "version": "3.7.2",
      "resolved": "http://artifactory.btigroup.io:80/api/npm/npm-packages/light-my-request/-/light-my-request-3.7.2.tgz",
      "integrity": "sha1-jxU8KZvurjG7y5gRFHSVKQDEYc0=",
      "requires": {
        "ajv": "^6.10.2",
        "cookie": "^0.4.0",
        "readable-stream": "^3.4.0",
        "set-cookie-parser": "^2.4.1"
      }
    },
    "make-error": {
      "version": "1.3.6",
      "resolved": "http://artifactory.btigroup.io:80/api/npm/npm-packages/make-error/-/make-error-1.3.6.tgz",
      "integrity": "sha1-LrLjfqm2fEiR9oShOUeZr0hM96I="
    },
    "memory-pager": {
      "version": "1.5.0",
      "resolved": "http://artifactory.btigroup.io:80/api/npm/npm-packages/memory-pager/-/memory-pager-1.5.0.tgz",
      "integrity": "sha1-2HUWVdItOEaCdByXLyw9bfo+ZrU=",
      "optional": true
    },
    "middie": {
      "version": "4.1.0",
      "resolved": "http://artifactory.btigroup.io:80/api/npm/npm-packages/middie/-/middie-4.1.0.tgz",
      "integrity": "sha1-D+mGyD1QgUiVFMoaLaulyjYmNDY=",
      "requires": {
        "path-to-regexp": "^4.0.0",
        "reusify": "^1.0.2"
      }
    },
    "mongodb": {
      "version": "3.5.5",
      "resolved": "http://artifactory.btigroup.io:80/api/npm/npm-packages/mongodb/-/mongodb-3.5.5.tgz",
      "integrity": "sha1-EzTD5aOERprH7w3qadWazIKaSWo=",
      "requires": {
        "bl": "^2.2.0",
        "bson": "^1.1.1",
        "denque": "^1.4.1",
        "require_optional": "^1.0.1",
        "safe-buffer": "^5.1.2",
        "saslprep": "^1.0.0"
      }
    },
    "ms": {
      "version": "2.1.2",
      "resolved": "http://artifactory.btigroup.io:80/api/npm/npm-packages/ms/-/ms-2.1.2.tgz",
      "integrity": "sha1-0J0fNXtEP0kzgqjrPM0YOHKuYAk="
    },
    "path-to-regexp": {
      "version": "4.0.5",
      "resolved": "http://artifactory.btigroup.io:80/api/npm/npm-packages/path-to-regexp/-/path-to-regexp-4.0.5.tgz",
      "integrity": "sha1-LU/RQK+aNpv3to93p/3DQEkPQjk="
    },
    "pino": {
      "version": "5.17.0",
      "resolved": "http://artifactory.btigroup.io:80/api/npm/npm-packages/pino/-/pino-5.17.0.tgz",
      "integrity": "sha1-ud7zFOgkAhVPiaJddqMfIMqEtMg=",
      "requires": {
        "fast-redact": "^2.0.0",
        "fast-safe-stringify": "^2.0.7",
        "flatstr": "^1.0.12",
        "pino-std-serializers": "^2.4.2",
        "quick-format-unescaped": "^3.0.3",
        "sonic-boom": "^0.7.5"
      }
    },
    "pino-std-serializers": {
      "version": "2.4.2",
      "resolved": "http://artifactory.btigroup.io:80/api/npm/npm-packages/pino-std-serializers/-/pino-std-serializers-2.4.2.tgz",
      "integrity": "sha1-y14+WMNYsm+Ilp1+YZrlS9/MGuE="
    },
    "process-nextick-args": {
      "version": "2.0.1",
      "resolved": "http://artifactory.btigroup.io:80/api/npm/npm-packages/process-nextick-args/-/process-nextick-args-2.0.1.tgz",
      "integrity": "sha1-eCDZsWEgzFXKmud5JoCufbptf+I="
    },
    "proxy-addr": {
      "version": "2.0.6",
      "resolved": "http://artifactory.btigroup.io:80/api/npm/npm-packages/proxy-addr/-/proxy-addr-2.0.6.tgz",
      "integrity": "sha1-/cIzZQVEfT8vLGOO0nLK9hS7sr8=",
      "requires": {
        "forwarded": "~0.1.2",
        "ipaddr.js": "1.9.1"
      }
    },
    "punycode": {
      "version": "2.1.1",
      "resolved": "http://artifactory.btigroup.io:80/api/npm/npm-packages/punycode/-/punycode-2.1.1.tgz",
      "integrity": "sha1-tYsBCsQMIsVldhbI0sLALHv0eew="
    },
    "quick-format-unescaped": {
      "version": "3.0.3",
      "resolved": "http://artifactory.btigroup.io:80/api/npm/npm-packages/quick-format-unescaped/-/quick-format-unescaped-3.0.3.tgz",
      "integrity": "sha1-+z5GisZMAdIjBYBsOfEh3awNH7k="
    },
    "readable-stream": {
      "version": "3.6.0",
      "resolved": "http://artifactory.btigroup.io:80/api/npm/npm-packages/readable-stream/-/readable-stream-3.6.0.tgz",
      "integrity": "sha1-M3u9o63AcGvT4CRCaihtS0sskZg=",
      "requires": {
        "inherits": "^2.0.3",
        "string_decoder": "^1.1.1",
        "util-deprecate": "^1.0.1"
      }
    },
    "require_optional": {
      "version": "1.0.1",
      "resolved": "http://artifactory.btigroup.io:80/api/npm/npm-packages/require_optional/-/require_optional-1.0.1.tgz",
      "integrity": "sha1-TPNaQkf2TKPfjC7yCMxJSxyo/C4=",
      "requires": {
        "resolve-from": "^2.0.0",
        "semver": "^5.1.0"
      },
      "dependencies": {
        "semver": {
          "version": "5.7.1",
          "resolved": "http://artifactory.btigroup.io:80/api/npm/npm-packages/semver/-/semver-5.7.1.tgz",
          "integrity": "sha1-qVT5Ma66UI0we78Gnv8MAclhFvc="
        }
      }
    },
    "resolve-from": {
      "version": "2.0.0",
      "resolved": "http://artifactory.btigroup.io:80/api/npm/npm-packages/resolve-from/-/resolve-from-2.0.0.tgz",
      "integrity": "sha1-lICrIOlP+h2egKgEx+oUdhGWa1c="
    },
    "ret": {
      "version": "0.2.2",
      "resolved": "http://artifactory.btigroup.io:80/api/npm/npm-packages/ret/-/ret-0.2.2.tgz",
      "integrity": "sha1-toYXgqH0di3OQ0Aqcet6KD9EVzw="
    },
    "reusify": {
      "version": "1.0.4",
      "resolved": "http://artifactory.btigroup.io:80/api/npm/npm-packages/reusify/-/reusify-1.0.4.tgz",
      "integrity": "sha1-kNo4Kx4SbvwCFG6QhFqI2xKSXXY="
    },
    "rfdc": {
      "version": "1.1.4",
      "resolved": "http://artifactory.btigroup.io:80/api/npm/npm-packages/rfdc/-/rfdc-1.1.4.tgz",
      "integrity": "sha1-unLME2egzNnPgahws7WL060H+MI="
    },
    "safe-buffer": {
      "version": "5.2.0",
      "resolved": "http://artifactory.btigroup.io:80/api/npm/npm-packages/safe-buffer/-/safe-buffer-5.2.0.tgz",
      "integrity": "sha1-t02uxJsRSPiMZLaNSbHoFcHy9Rk="
    },
    "safe-regex2": {
      "version": "2.0.0",
      "resolved": "http://artifactory.btigroup.io:80/api/npm/npm-packages/safe-regex2/-/safe-regex2-2.0.0.tgz",
      "integrity": "sha1-sodSTDl8eimURwNn4BheGRax9bk=",
      "requires": {
        "ret": "~0.2.0"
      }
    },
    "saslprep": {
      "version": "1.0.3",
      "resolved": "http://artifactory.btigroup.io:80/api/npm/npm-packages/saslprep/-/saslprep-1.0.3.tgz",
      "integrity": "sha1-TAL5RrVs9UKX40e6EJPnrKxM8iY=",
      "optional": true,
      "requires": {
        "sparse-bitfield": "^3.0.3"
      }
    },
    "secure-json-parse": {
      "version": "2.1.0",
      "resolved": "http://artifactory.btigroup.io:80/api/npm/npm-packages/secure-json-parse/-/secure-json-parse-2.1.0.tgz",
      "integrity": "sha1-rnb1YkJWtcSXr4hwkKXZ4VbJ+yA="
    },
    "semver": {
      "version": "6.3.0",
      "resolved": "http://artifactory.btigroup.io:80/api/npm/npm-packages/semver/-/semver-6.3.0.tgz",
      "integrity": "sha1-7gpkyK9ejO6mdoexM3YeG+y9HT0="
    },
    "semver-store": {
      "version": "0.3.0",
      "resolved": "http://artifactory.btigroup.io:80/api/npm/npm-packages/semver-store/-/semver-store-0.3.0.tgz",
      "integrity": "sha1-zmAv8H3zcIDsn0+0CylXZUe+++k="
    },
    "set-cookie-parser": {
      "version": "2.4.3",
      "resolved": "http://artifactory.btigroup.io:80/api/npm/npm-packages/set-cookie-parser/-/set-cookie-parser-2.4.3.tgz",
      "integrity": "sha1-nJF+dWmKVjNRHDxqNDXzNPqrwkA="
    },
    "sonic-boom": {
      "version": "0.7.7",
      "resolved": "http://artifactory.btigroup.io:80/api/npm/npm-packages/sonic-boom/-/sonic-boom-0.7.7.tgz",
      "integrity": "sha1-2SHeiHQoIIv6B7CuMsJ43gQ/NQo=",
      "requires": {
        "atomic-sleep": "^1.0.0",
        "flatstr": "^1.0.12"
      }
    },
    "source-map": {
      "version": "0.6.1",
      "resolved": "http://artifactory.btigroup.io:80/api/npm/npm-packages/source-map/-/source-map-0.6.1.tgz",
      "integrity": "sha1-dHIq8y6WFOnCh6jQu95IteLxomM="
    },
    "source-map-support": {
      "version": "0.5.16",
      "resolved": "http://artifactory.btigroup.io:80/api/npm/npm-packages/source-map-support/-/source-map-support-0.5.16.tgz",
      "integrity": "sha1-CuBp5/47p1OMZMmFFeNTOerFoEI=",
      "requires": {
        "buffer-from": "^1.0.0",
        "source-map": "^0.6.0"
      }
    },
    "sparse-bitfield": {
      "version": "3.0.3",
      "resolved": "http://artifactory.btigroup.io:80/api/npm/npm-packages/sparse-bitfield/-/sparse-bitfield-3.0.3.tgz",
      "integrity": "sha1-/0rm5oZWBWuks+eSqzM004JzyhE=",
      "optional": true,
      "requires": {
        "memory-pager": "^1.0.2"
      }
    },
    "string-similarity": {
      "version": "4.0.1",
      "resolved": "http://artifactory.btigroup.io:80/api/npm/npm-packages/string-similarity/-/string-similarity-4.0.1.tgz",
      "integrity": "sha1-6nwR8Ak8swiM3MXrFs/ZDLVJYvc="
    },
    "string_decoder": {
      "version": "1.3.0",
      "resolved": "http://artifactory.btigroup.io:80/api/npm/npm-packages/string_decoder/-/string_decoder-1.3.0.tgz",
      "integrity": "sha1-QvEUWUpGzxqOMLCoT1bHjD7awh4=",
      "requires": {
        "safe-buffer": "~5.2.0"
      }
    },
    "tiny-lru": {
      "version": "7.0.2",
      "resolved": "http://artifactory.btigroup.io:80/api/npm/npm-packages/tiny-lru/-/tiny-lru-7.0.2.tgz",
      "integrity": "sha1-aohT3rHjVfTIhjvxKJM34+On6XM="
    },
    "ts-node": {
      "version": "8.6.2",
      "resolved": "http://artifactory.btigroup.io:80/api/npm/npm-packages/ts-node/-/ts-node-8.6.2.tgz",
      "integrity": "sha1-dBmgE5GoGPuvpvgmozwaE+lGTjU=",
      "requires": {
        "arg": "^4.1.0",
        "diff": "^4.0.1",
        "make-error": "^1.1.1",
        "source-map-support": "^0.5.6",
        "yn": "3.1.1"
      }
    },
    "typescript": {
      "version": "3.8.3",
      "resolved": "http://artifactory.btigroup.io:80/api/npm/npm-packages/typescript/-/typescript-3.8.3.tgz",
      "integrity": "sha1-QJ64VE6gM1cRIFhp7EWKsQnuEGE="
    },
    "uri-js": {
      "version": "4.2.2",
      "resolved": "http://artifactory.btigroup.io:80/api/npm/npm-packages/uri-js/-/uri-js-4.2.2.tgz",
      "integrity": "sha1-lMVA4f93KVbiKZUHwBCupsiDjrA=",
      "requires": {
        "punycode": "^2.1.0"
      }
    },
    "util-deprecate": {
      "version": "1.0.2",
      "resolved": "http://artifactory.btigroup.io:80/api/npm/npm-packages/util-deprecate/-/util-deprecate-1.0.2.tgz",
      "integrity": "sha1-RQ1Nyfpw3nMnYvvS1KKJgUGaDM8="
    },
    "yn": {
      "version": "3.1.1",
      "resolved": "http://artifactory.btigroup.io:80/api/npm/npm-packages/yn/-/yn-3.1.1.tgz",
      "integrity": "sha1-HodAGgnXZ8HV6rJqbkwYUYLS61A="
    }
  }
}
